<Solution>
    <Folder Name="/Solution Items/">
        <File Path=".editorconfig" />
        <File Path="Directory.Build.props" />
        <File Path="Directory.Packages.props" />
        <File Path="flake.lock" />
        <File Path="flake.nix" />
        <File Path="global.json" />
        <File Path="README.md" />
    </Folder>
    <Folder Name="/src/">
        <Project Path="src/Dotnet.CLI.Plus.Core/Dotnet.CLI.Plus.Core.fsproj" />
        <Project Path="src/Dotnet.CLI.Plus.Solution/Dotnet.CLI.Plus.Solution.fsproj" />
        <Project Path="src/Dotnet.CLI.Plus.Transport/Dotnet.CLI.Plus.Transport.fsproj" />
        <Project Path="src/Dotnet.CLI.Plus.MSBuild/Dotnet.CLI.Plus.MSBuild.csproj" />
        <Project Path="src/Dotnet.CLI.Plus/Dotnet.CLI.Plus.fsproj" />
    </Folder>
    <Folder Name="/tests/">
        <Project Path="tests/Dotnet.CLI.Plus.FakeHost/Dotnet.CLI.Plus.FakeHost.fsproj" />
        <Project Path="tests/Dotnet.CLI.Plus.MSBuild.Tests/Dotnet.CLI.Plus.MSBuild.Tests.fsproj" />
        <Project Path="tests/Dotnet.CLI.Plus.MSBuild.Worker.Tests/Dotnet.CLI.Plus.MSBuild.Worker.Tests.csproj" />
        <Project Path="tests/Dotnet.CLI.Plus.Core.Tests/Dotnet.CLI.Plus.Core.Tests.fsproj" />
        <Project Path="tests/Dotnet.CLI.Plus.Solution.Tests/Dotnet.CLI.Plus.Solution.Tests.fsproj" />
        <Project Path="tests/Dotnet.CLI.Plus.Transport.Tests/Dotnet.CLI.Plus.Transport.Tests.fsproj" />
        <Project Path="tests/Dotnet.CLI.Plus.Tests/Dotnet.CLI.Plus.Tests.fsproj" />
    </Folder>
</Solution>
